// !$*UTF8*$!
{
	archiveVersion = 1;
	classes = {
	};
	objectVersion = 56;
	objects = {

/* Begin PBXBuildFile section */
		5BF9C7F3297AFD4500A5BF0E /* AppDelegate.swift in Sources */ = {isa = PBXBuildFile; fileRef = 5BF9C7F2297AFD4500A5BF0E /* AppDelegate.swift */; };
		5BF9C7F5297AFD4500A5BF0E /* SceneDelegate.swift in Sources */ = {isa = PBXBuildFile; fileRef = 5BF9C7F4297AFD4500A5BF0E /* SceneDelegate.swift */; };
		5BF9C7F7297AFD4500A5BF0E /* ViewController.swift in Sources */ = {isa = PBXBuildFile; fileRef = 5BF9C7F6297AFD4500A5BF0E /* ViewController.swift */; };
		5BF9C7FA297AFD4500A5BF0E /* Main.storyboard in Resources */ = {isa = PBXBuildFile; fileRef = 5BF9C7F8297AFD4500A5BF0E /* Main.storyboard */; };
		5BF9C7FC297AFD4900A5BF0E /* Assets.xcassets in Resources */ = {isa = PBXBuildFile; fileRef = 5BF9C7FB297AFD4900A5BF0E /* Assets.xcassets */; };
		5BF9C7FF297AFD4900A5BF0E /* LaunchScreen.storyboard in Resources */ = {isa = PBXBuildFile; fileRef = 5BF9C7FD297AFD4900A5BF0E /* LaunchScreen.storyboard */; };
		5BF9C80A297AFD4A00A5BF0E /* first_projectTests.swift in Sources */ = {isa = PBXBuildFile; fileRef = 5BF9C809297AFD4A00A5BF0E /* first_projectTests.swift */; };
		5BF9C814297AFD4A00A5BF0E /* first_projectUITests.swift in Sources */ = {isa = PBXBuildFile; fileRef = 5BF9C813297AFD4A00A5BF0E /* first_projectUITests.swift */; };
		5BF9C816297AFD4A00A5BF0E /* first_projectUITestsLaunchTests.swift in Sources */ = {isa = PBXBuildFile; fileRef = 5BF9C815297AFD4A00A5BF0E /* first_projectUITestsLaunchTests.swift */; };
/* End PBXBuildFile section */

/* Begin PBXContainerItemProxy section */
		5BF9C806297AFD4A00A5BF0E /* PBXContainerItemProxy */ = {
			isa = PBXContainerItemProxy;
			containerPortal = 5BF9C7E7297AFD4500A5BF0E /* Project object */;
			proxyType = 1;
			remoteGlobalIDString = 5BF9C7EE297AFD4500A5BF0E;
			remoteInfo = first_project;
		};
		5BF9C810297AFD4A00A5BF0E /* PBXContainerItemProxy */ = {
			isa = PBXContainerItemProxy;
			containerPortal = 5BF9C7E7297AFD4500A5BF0E /* Project object */;
			proxyType = 1;
			remoteGlobalIDString = 5BF9C7EE297AFD4500A5BF0E;
			remoteInfo = first_project;
		};
/* End PBXContainerItemProxy section */

/* Begin PBXFileReference section */
		5BF9C7EF297AFD4500A5BF0E /* first_project.app */ = {isa = PBXFileReference; explicitFileType = wrapper.application; includeInIndex = 0; path = first_project.app; sourceTree = BUILT_PRODUCTS_DIR; };
		5BF9C7F2297AFD4500A5BF0E /* AppDelegate.swift */ = {isa = PBXFileReference; lastKnownFileType = sourcecode.swift; path = AppDelegate.swift; sourceTree = "<group>"; };
		5BF9C7F4297AFD4500A5BF0E /* SceneDelegate.swift */ = {isa = PBXFileReference; lastKnownFileType = sourcecode.swift; path = SceneDelegate.swift; sourceTree = "<group>"; };
		5BF9C7F6297AFD4500A5BF0E /* ViewController.swift */ = {isa = PBXFileReference; lastKnownFileType = sourcecode.swift; path = ViewController.swift; sourceTree = "<group>"; };
		5BF9C7F9297AFD4500A5BF0E /* Base */ = {isa = PBXFileReference; lastKnownFileType = file.storyboard; name = Base; path = Base.lproj/Main.storyboard; sourceTree = "<group>"; };
		5BF9C7FB297AFD4900A5BF0E /* Assets.xcassets */ = {isa = PBXFileReference; lastKnownFileType = folder.assetcatalog; path = Assets.xcassets; sourceTree = "<group>"; };
		5BF9C7FE297AFD4900A5BF0E /* Base */ = {isa = PBXFileReference; lastKnownFileType = file.storyboard; name = Base; path = Base.lproj/LaunchScreen.storyboard; sourceTree = "<group>"; };
		5BF9C800297AFD4900A5BF0E /* Info.plist */ = {isa = PBXFileReference; lastKnownFileType = text.plist.xml; path = Info.plist; sourceTree = "<group>"; };
		5BF9C805297AFD4A00A5BF0E /* first_projectTests.xctest */ = {isa = PBXFileReference; explicitFileType = wrapper.cfbundle; includeInIndex = 0; path = first_projectTests.xctest; sourceTree = BUILT_PRODUCTS_DIR; };
		5BF9C809297AFD4A00A5BF0E /* first_projectTests.swift */ = {isa = PBXFileReference; lastKnownFileType = sourcecode.swift; path = first_projectTests.swift; sourceTree = "<group>"; };
		5BF9C80F297AFD4A00A5BF0E /* first_projectUITests.xctest */ = {isa = PBXFileReference; explicitFileType = wrapper.cfbundle; includeInIndex = 0; path = first_projectUITests.xctest; sourceTree = BUILT_PRODUCTS_DIR; };
		5BF9C813297AFD4A00A5BF0E /* first_projectUITests.swift */ = {isa = PBXFileReference; lastKnownFileType = sourcecode.swift; path = first_projectUITests.swift; sourceTree = "<group>"; };
		5BF9C815297AFD4A00A5BF0E /* first_projectUITestsLaunchTests.swift */ = {isa = PBXFileReference; lastKnownFileType = sourcecode.swift; path = first_projectUITestsLaunchTests.swift; sourceTree = "<group>"; };
/* End PBXFileReference section */

/* Begin PBXFrameworksBuildPhase section */
		5BF9C7EC297AFD4500A5BF0E /* Frameworks */ = {
			isa = PBXFrameworksBuildPhase;
			buildActionMask = 2147483647;
			files = (
			);
			runOnlyForDeploymentPostprocessing = 0;
		};
		5BF9C802297AFD4A00A5BF0E /* Frameworks */ = {
			isa = PBXFrameworksBuildPhase;
			buildActionMask = 2147483647;
			files = (
			);
			runOnlyForDeploymentPostprocessing = 0;
		};
		5BF9C80C297AFD4A00A5BF0E /* Frameworks */ = {
			isa = PBXFrameworksBuildPhase;
			buildActionMask = 2147483647;
			files = (
			);
			runOnlyForDeploymentPostprocessing = 0;
		};
/* End PBXFrameworksBuildPhase section */

/* Begin PBXGroup section */
		5BF9C7E6297AFD4500A5BF0E = {
			isa = PBXGroup;
			children = (
				5BF9C7F1297AFD4500A5BF0E /* first_project */,
				5BF9C808297AFD4A00A5BF0E /* first_projectTests */,
				5BF9C812297AFD4A00A5BF0E /* first_projectUITests */,
				5BF9C7F0297AFD4500A5BF0E /* Products */,
			);
			sourceTree = "<group>";
		};
		5BF9C7F0297AFD4500A5BF0E /* Products */ = {
			isa = PBXGroup;
			children = (
				5BF9C7EF297AFD4500A5BF0E /* first_project.app */,
				5BF9C805297AFD4A00A5BF0E /* first_projectTests.xctest */,
				5BF9C80F297AFD4A00A5BF0E /* first_projectUITests.xctest */,
			);
			name = Products;
			sourceTree = "<group>";
		};
		5BF9C7F1297AFD4500A5BF0E /* first_project */ = {
			isa = PBXGroup;
			children = (
				5BF9C7F2297AFD4500A5BF0E /* AppDelegate.swift */,
				5BF9C7F4297AFD4500A5BF0E /* SceneDelegate.swift */,
				5BF9C7F6297AFD4500A5BF0E /* ViewController.swift */,
				5BF9C7F8297AFD4500A5BF0E /* Main.storyboard */,
				5BF9C7FB297AFD4900A5BF0E /* Assets.xcassets */,
				5BF9C7FD297AFD4900A5BF0E /* LaunchScreen.storyboard */,
				5BF9C800297AFD4900A5BF0E /* Info.plist */,
			);
			path = first_project;
			sourceTree = "<group>";
		};
		5BF9C808297AFD4A00A5BF0E /* first_projectTests */ = {
			isa = PBXGroup;
			children = (
				5BF9C809297AFD4A00A5BF0E /* first_projectTests.swift */,
			);
			path = first_projectTests;
			sourceTree = "<group>";
		};
		5BF9C812297AFD4A00A5BF0E /* first_projectUITests */ = {
			isa = PBXGroup;
			children = (
				5BF9C813297AFD4A00A5BF0E /* first_projectUITests.swift */,
				5BF9C815297AFD4A00A5BF0E /* first_projectUITestsLaunchTests.swift */,
			);
			path = first_projectUITests;
			sourceTree = "<group>";
		};
/* End PBXGroup section */

/* Begin PBXNativeTarget section */
		5BF9C7EE297AFD4500A5BF0E /* first_project */ = {
			isa = PBXNativeTarget;
			buildConfigurationList = 5BF9C819297AFD4A00A5BF0E /* Build configuration list for PBXNativeTarget "first_project" */;
			buildPhases = (
				5BF9C7EB297AFD4500A5BF0E /* Sources */,
				5BF9C7EC297AFD4500A5BF0E /* Frameworks */,
				5BF9C7ED297AFD4500A5BF0E /* Resources */,
			);
			buildRules = (
			);
			dependencies = (
			);
			name = first_project;
			productName = first_project;
			productReference = 5BF9C7EF297AFD4500A5BF0E /* first_project.app */;
			productType = "com.apple.product-type.application";
		};
		5BF9C804297AFD4A00A5BF0E /* first_projectTests */ = {
			isa = PBXNativeTarget;
			buildConfigurationList = 5BF9C81C297AFD4A00A5BF0E /* Build configuration list for PBXNativeTarget "first_projectTests" */;
			buildPhases = (
				5BF9C801297AFD4A00A5BF0E /* Sources */,
				5BF9C802297AFD4A00A5BF0E /* Frameworks */,
				5BF9C803297AFD4A00A5BF0E /* Resources */,
			);
			buildRules = (
			);
			dependencies = (
				5BF9C807297AFD4A00A5BF0E /* PBXTargetDependency */,
			);
			name = first_projectTests;
			productName = first_projectTests;
			productReference = 5BF9C805297AFD4A00A5BF0E /* first_projectTests.xctest */;
			productType = "com.apple.product-type.bundle.unit-test";
		};
		5BF9C80E297AFD4A00A5BF0E /* first_projectUITests */ = {
			isa = PBXNativeTarget;
			buildConfigurationList = 5BF9C81F297AFD4A00A5BF0E /* Build configuration list for PBXNativeTarget "first_projectUITests" */;
			buildPhases = (
				5BF9C80B297AFD4A00A5BF0E /* Sources */,
				5BF9C80C297AFD4A00A5BF0E /* Frameworks */,
				5BF9C80D297AFD4A00A5BF0E /* Resources */,
			);
			buildRules = (
			);
			dependencies = (
				5BF9C811297AFD4A00A5BF0E /* PBXTargetDependency */,
			);
			name = first_projectUITests;
			productName = first_projectUITests;
			productReference = 5BF9C80F297AFD4A00A5BF0E /* first_projectUITests.xctest */;
			productType = "com.apple.product-type.bundle.ui-testing";
		};
/* End PBXNativeTarget section */

/* Begin PBXProject section */
		5BF9C7E7297AFD4500A5BF0E /* Project object */ = {
			isa = PBXProject;
			attributes = {
				BuildIndependentTargetsInParallel = 1;
				LastSwiftUpdateCheck = 1410;
				LastUpgradeCheck = 1410;
				TargetAttributes = {
					5BF9C7EE297AFD4500A5BF0E = {
						CreatedOnToolsVersion = 14.1;
					};
					5BF9C804297AFD4A00A5BF0E = {
						CreatedOnToolsVersion = 14.1;
						TestTargetID = 5BF9C7EE297AFD4500A5BF0E;
					};
					5BF9C80E297AFD4A00A5BF0E = {
						CreatedOnToolsVersion = 14.1;
						TestTargetID = 5BF9C7EE297AFD4500A5BF0E;
					};
				};
			};
			buildConfigurationList = 5BF9C7EA297AFD4500A5BF0E /* Build configuration list for PBXProject "first_project" */;
			compatibilityVersion = "Xcode 14.0";
			developmentRegion = en;
			hasScannedForEncodings = 0;
			knownRegions = (
				en,
				Base,
			);
			mainGroup = 5BF9C7E6297AFD4500A5BF0E;
			productRefGroup = 5BF9C7F0297AFD4500A5BF0E /* Products */;
			projectDirPath = "";
			projectRoot = "";
			targets = (
				5BF9C7EE297AFD4500A5BF0E /* first_project */,
				5BF9C804297AFD4A00A5BF0E /* first_projectTests */,
				5BF9C80E297AFD4A00A5BF0E /* first_projectUITests */,
			);
		};
/* End PBXProject section */

/* Begin PBXResourcesBuildPhase section */
		5BF9C7ED297AFD4500A5BF0E /* Resources */ = {
			isa = PBXResourcesBuildPhase;
			buildActionMask = 2147483647;
			files = (
				5BF9C7FF297AFD4900A5BF0E /* LaunchScreen.storyboard in Resources */,
				5BF9C7FC297AFD4900A5BF0E /* Assets.xcassets in Resources */,
				5BF9C7FA297AFD4500A5BF0E /* Main.storyboard in Resources */,
			);
			runOnlyForDeploymentPostprocessing = 0;
		};
		5BF9C803297AFD4A00A5BF0E /* Resources */ = {
			isa = PBXResourcesBuildPhase;
			buildActionMask = 2147483647;
			files = (
			);
			runOnlyForDeploymentPostprocessing = 0;
		};
		5BF9C80D297AFD4A00A5BF0E /* Resources */ = {
			isa = PBXResourcesBuildPhase;
			buildActionMask = 2147483647;
			files = (
			);
			runOnlyForDeploymentPostprocessing = 0;
		};
/* End PBXResourcesBuildPhase section */

/* Begin PBXSourcesBuildPhase section */
		5BF9C7EB297AFD4500A5BF0E /* Sources */ = {
			isa = PBXSourcesBuildPhase;
			buildActionMask = 2147483647;
			files = (
				5BF9C7F7297AFD4500A5BF0E /* ViewController.swift in Sources */,
				5BF9C7F3297AFD4500A5BF0E /* AppDelegate.swift in Sources */,
				5BF9C7F5297AFD4500A5BF0E /* SceneDelegate.swift in Sources */,
			);
			runOnlyForDeploymentPostprocessing = 0;
		};
		5BF9C801297AFD4A00A5BF0E /* Sources */ = {
			isa = PBXSourcesBuildPhase;
			buildActionMask = 2147483647;
			files = (
				5BF9C80A297AFD4A00A5BF0E /* first_projectTests.swift in Sources */,
			);
			runOnlyForDeploymentPostprocessing = 0;
		};
		5BF9C80B297AFD4A00A5BF0E /* Sources */ = {
			isa = PBXSourcesBuildPhase;
			buildActionMask = 2147483647;
			files = (
				5BF9C814297AFD4A00A5BF0E /* first_projectUITests.swift in Sources */,
				5BF9C816297AFD4A00A5BF0E /* first_projectUITestsLaunchTests.swift in Sources */,
			);
			runOnlyForDeploymentPostprocessing = 0;
		};
/* End PBXSourcesBuildPhase section */

/* Begin PBXTargetDependency section */
		5BF9C807297AFD4A00A5BF0E /* PBXTargetDependency */ = {
			isa = PBXTargetDependency;
			target = 5BF9C7EE297AFD4500A5BF0E /* first_project */;
			targetProxy = 5BF9C806297AFD4A00A5BF0E /* PBXContainerItemProxy */;
		};
		5BF9C811297AFD4A00A5BF0E /* PBXTargetDependency */ = {
			isa = PBXTargetDependency;
			target = 5BF9C7EE297AFD4500A5BF0E /* first_project */;
			targetProxy = 5BF9C810297AFD4A00A5BF0E /* PBXContainerItemProxy */;
		};
/* End PBXTargetDependency section */

/* Begin PBXVariantGroup section */
		5BF9C7F8297AFD4500A5BF0E /* Main.storyboard */ = {
			isa = PBXVariantGroup;
			children = (
				5BF9C7F9297AFD4500A5BF0E /* Base */,
			);
			name = Main.storyboard;
			sourceTree = "<group>";
		};
		5BF9C7FD297AFD4900A5BF0E /* LaunchScreen.storyboard */ = {
			isa = PBXVariantGroup;
			children = (
				5BF9C7FE297AFD4900A5BF0E /* Base */,
			);
			name = LaunchScreen.storyboard;
			sourceTree = "<group>";
		};
/* End PBXVariantGroup section */

/* Begin XCBuildConfiguration section */
		5BF9C817297AFD4A00A5BF0E /* Debug */ = {
			isa = XCBuildConfiguration;
			buildSettings = {
				ALWAYS_SEARCH_USER_PATHS = NO;
				CLANG_ANALYZER_NONNULL = YES;
				CLANG_ANALYZER_NUMBER_OBJECT_CONVERSION = YES_AGGRESSIVE;
				CLANG_CXX_LANGUAGE_STANDARD = "gnu++20";
				CLANG_ENABLE_MODULES = YES;
				CLANG_ENABLE_OBJC_ARC = YES;
				CLANG_ENABLE_OBJC_WEAK = YES;
				CLANG_WARN_BLOCK_CAPTURE_AUTORELEASING = YES;
				CLANG_WARN_BOOL_CONVERSION = YES;
				CLANG_WARN_COMMA = YES;
				CLANG_WARN_CONSTANT_CONVERSION = YES;
				CLANG_WARN_DEPRECATED_OBJC_IMPLEMENTATIONS = YES;
				CLANG_WARN_DIRECT_OBJC_ISA_USAGE = YES_ERROR;
				CLANG_WARN_DOCUMENTATION_COMMENTS = YES;
				CLANG_WARN_EMPTY_BODY = YES;
				CLANG_WARN_ENUM_CONVERSION = YES;
				CLANG_WARN_INFINITE_RECURSION = YES;
				CLANG_WARN_INT_CONVERSION = YES;
				CLANG_WARN_NON_LITERAL_NULL_CONVERSION = YES;
				CLANG_WARN_OBJC_IMPLICIT_RETAIN_SELF = YES;
				CLANG_WARN_OBJC_LITERAL_CONVERSION = YES;
				CLANG_WARN_OBJC_ROOT_CLASS = YES_ERROR;
				CLANG_WARN_QUOTED_INCLUDE_IN_FRAMEWORK_HEADER = YES;
				CLANG_WARN_RANGE_LOOP_ANALYSIS = YES;
				CLANG_WARN_STRICT_PROTOTYPES = YES;
				CLANG_WARN_SUSPICIOUS_MOVE = YES;
				CLANG_WARN_UNGUARDED_AVAILABILITY = YES_AGGRESSIVE;
				CLANG_WARN_UNREACHABLE_CODE = YES;
				CLANG_WARN__DUPLICATE_METHOD_MATCH = YES;
				COPY_PHASE_STRIP = NO;
				DEBUG_INFORMATION_FORMAT = dwarf;
				ENABLE_STRICT_OBJC_MSGSEND = YES;
				ENABLE_TESTABILITY = YES;
				GCC_C_LANGUAGE_STANDARD = gnu11;
				GCC_DYNAMIC_NO_PIC = NO;
				GCC_NO_COMMON_BLOCKS = YES;
				GCC_OPTIMIZATION_LEVEL = 0;
				GCC_PREPROCESSOR_DEFINITIONS = (
					"DEBUG=1",
					"$(inherited)",
				);
				GCC_WARN_64_TO_32_BIT_CONVERSION = YES;
				GCC_WARN_ABOUT_RETURN_TYPE = YES_ERROR;
				GCC_WARN_UNDECLARED_SELECTOR = YES;
				GCC_WARN_UNINITIALIZED_AUTOS = YES_AGGRESSIVE;
				GCC_WARN_UNUSED_FUNCTION = YES;
				GCC_WARN_UNUSED_VARIABLE = YES;
				IPHONEOS_DEPLOYMENT_TARGET = 16.1;
				MTL_ENABLE_DEBUG_INFO = INCLUDE_SOURCE;
				MTL_FAST_MATH = YES;
				ONLY_ACTIVE_ARCH = YES;
				SDKROOT = iphoneos;
				SWIFT_ACTIVE_COMPILATION_CONDITIONS = DEBUG;
				SWIFT_OPTIMIZATION_LEVEL = "-Onone";
			};
			name = Debug;
		};
		5BF9C818297AFD4A00A5BF0E /* Release */ = {
			isa = XCBuildConfiguration;
			buildSettings = {
				ALWAYS_SEARCH_USER_PATHS = NO;
				CLANG_ANALYZER_NONNULL = YES;
				CLANG_ANALYZER_NUMBER_OBJECT_CONVERSION = YES_AGGRESSIVE;
				CLANG_CXX_LANGUAGE_STANDARD = "gnu++20";
				CLANG_ENABLE_MODULES = YES;
				CLANG_ENABLE_OBJC_ARC = YES;
				CLANG_ENABLE_OBJC_WEAK = YES;
				CLANG_WARN_BLOCK_CAPTURE_AUTORELEASING = YES;
				CLANG_WARN_BOOL_CONVERSION = YES;
				CLANG_WARN_COMMA = YES;
				CLANG_WARN_CONSTANT_CONVERSION = YES;
				CLANG_WARN_DEPRECATED_OBJC_IMPLEMENTATIONS = YES;
				CLANG_WARN_DIRECT_OBJC_ISA_USAGE = YES_ERROR;
				CLANG_WARN_DOCUMENTATION_COMMENTS = YES;
				CLANG_WARN_EMPTY_BODY = YES;
				CLANG_WARN_ENUM_CONVERSION = YES;
				CLANG_WARN_INFINITE_RECURSION = YES;
				CLANG_WARN_INT_CONVERSION = YES;
				CLANG_WARN_NON_LITERAL_NULL_CONVERSION = YES;
				CLANG_WARN_OBJC_IMPLICIT_RETAIN_SELF = YES;
				CLANG_WARN_OBJC_LITERAL_CONVERSION = YES;
				CLANG_WARN_OBJC_ROOT_CLASS = YES_ERROR;
				CLANG_WARN_QUOTED_INCLUDE_IN_FRAMEWORK_HEADER = YES;
				CLANG_WARN_RANGE_LOOP_ANALYSIS = YES;
				CLANG_WARN_STRICT_PROTOTYPES = YES;
				CLANG_WARN_SUSPICIOUS_MOVE = YES;
				CLANG_WARN_UNGUARDED_AVAILABILITY = YES_AGGRESSIVE;
				CLANG_WARN_UNREACHABLE_CODE = YES;
				CLANG_WARN__DUPLICATE_METHOD_MATCH = YES;
				COPY_PHASE_STRIP = NO;
				DEBUG_INFORMATION_FORMAT = "dwarf-with-dsym";
				ENABLE_NS_ASSERTIONS = NO;
				ENABLE_STRICT_OBJC_MSGSEND = YES;
				GCC_C_LANGUAGE_STANDARD = gnu11;
				GCC_NO_COMMON_BLOCKS = YES;
				GCC_WARN_64_TO_32_BIT_CONVERSION = YES;
				GCC_WARN_ABOUT_RETURN_TYPE = YES_ERROR;
				GCC_WARN_UNDECLARED_SELECTOR = YES;
				GCC_WARN_UNINITIALIZED_AUTOS = YES_AGGRESSIVE;
				GCC_WARN_UNUSED_FUNCTION = YES;
				GCC_WARN_UNUSED_VARIABLE = YES;
				IPHONEOS_DEPLOYMENT_TARGET = 16.1;
				MTL_ENABLE_DEBUG_INFO = NO;
				MTL_FAST_MATH = YES;
				SDKROOT = iphoneos;
				SWIFT_COMPILATION_MODE = wholemodule;
				SWIFT_OPTIMIZATION_LEVEL = "-O";
				VALIDATE_PRODUCT = YES;
			};
			name = Release;
		};
		5BF9C81A297AFD4A00A5BF0E /* Debug */ = {
			isa = XCBuildConfiguration;
			buildSettings = {
				ASSETCATALOG_COMPILER_APPICON_NAME = AppIcon;
				ASSETCATALOG_COMPILER_GLOBAL_ACCENT_COLOR_NAME = AccentColor;
				CODE_SIGN_STYLE = Automatic;
				CURRENT_PROJECT_VERSION = 1;
				GENERATE_INFOPLIST_FILE = YES;
				INFOPLIST_FILE = first_project/Info.plist;
				INFOPLIST_KEY_UIApplicationSupportsIndirectInputEvents = YES;
				INFOPLIST_KEY_UILaunchStoryboardName = LaunchScreen;
				INFOPLIST_KEY_UIMainStoryboardFile = Main;
				INFOPLIST_KEY_UISupportedInterfaceOrientations_iPad = "UIInterfaceOrientationPortrait UIInterfaceOrientationPortraitUpsideDown UIInterfaceOrientationLandscapeLeft UIInterfaceOrientationLandscapeRight";
				INFOPLIST_KEY_UISupportedInterfaceOrientations_iPhone = "UIInterfaceOrientationPortrait UIInterfaceOrientationLandscapeLeft UIInterfaceOrientationLandscapeRight";
				LD_RUNPATH_SEARCH_PATHS = (
					"$(inherited)",
					"@executable_path/Frameworks",
				);
				MARKETING_VERSION = 1.0;
				PRODUCT_BUNDLE_IDENTIFIER = "com.sol.first-project";
				PRODUCT_NAME = "$(TARGET_NAME)";
				SWIFT_EMIT_LOC_STRINGS = YES;
				SWIFT_VERSION = 5.0;
				TARGETED_DEVICE_FAMILY = "1,2";
			};
			name = Debug;
		};
		5BF9C81B297AFD4A00A5BF0E /* Release */ = {
			isa = XCBuildConfiguration;
			buildSettings = {
				ASSETCATALOG_COMPILER_APPICON_NAME = AppIcon;
				ASSETCATALOG_COMPILER_GLOBAL_ACCENT_COLOR_NAME = AccentColor;
				CODE_SIGN_STYLE = Automatic;
				CURRENT_PROJECT_VERSION = 1;
				GENERATE_INFOPLIST_FILE = YES;
				INFOPLIST_FILE = first_project/Info.plist;
				INFOPLIST_KEY_UIApplicationSupportsIndirectInputEvents = YES;
				INFOPLIST_KEY_UILaunchStoryboardName = LaunchScreen;
				INFOPLIST_KEY_UIMainStoryboardFile = Main;
				INFOPLIST_KEY_UISupportedInterfaceOrientations_iPad = "UIInterfaceOrientationPortrait UIInterfaceOrientationPortraitUpsideDown UIInterfaceOrientationLandscapeLeft UIInterfaceOrientationLandscapeRight";
				INFOPLIST_KEY_UISupportedInterfaceOrientations_iPhone = "UIInterfaceOrientationPortrait UIInterfaceOrientationLandscapeLeft UIInterfaceOrientationLandscapeRight";
				LD_RUNPATH_SEARCH_PATHS = (
					"$(inherited)",
					"@executable_path/Frameworks",
				);
				MARKETING_VERSION = 1.0;
				PRODUCT_BUNDLE_IDENTIFIER = "com.sol.first-project";
				PRODUCT_NAME = "$(TARGET_NAME)";
				SWIFT_EMIT_LOC_STRINGS = YES;
				SWIFT_VERSION = 5.0;
				TARGETED_DEVICE_FAMILY = "1,2";
			};
			name = Release;
		};
		5BF9C81D297AFD4A00A5BF0E /* Debug */ = {
			isa = XCBuildConfiguration;
			buildSettings = {
				ALWAYS_EMBED_SWIFT_STANDARD_LIBRARIES = YES;
				BUNDLE_LOADER = "$(TEST_HOST)";
				CODE_SIGN_STYLE = Automatic;
				CURRENT_PROJECT_VERSION = 1;
				GENERATE_INFOPLIST_FILE = YES;
				IPHONEOS_DEPLOYMENT_TARGET = 16.1;
				MARKETING_VERSION = 1.0;
				PRODUCT_BUNDLE_IDENTIFIER = "com.sol.first-projectTests";
				PRODUCT_NAME = "$(TARGET_NAME)";
				SWIFT_EMIT_LOC_STRINGS = NO;
				SWIFT_VERSION = 5.0;
				TARGETED_DEVICE_FAMILY = "1,2";
				TEST_HOST = "$(BUILT_PRODUCTS_DIR)/first_project.app/$(BUNDLE_EXECUTABLE_FOLDER_PATH)/first_project";
			};
			name = Debug;
		};
		5BF9C81E297AFD4A00A5BF0E /* Release */ = {
			isa = XCBuildConfiguration;
			buildSettings = {
				ALWAYS_EMBED_SWIFT_STANDARD_LIBRARIES = YES;
				BUNDLE_LOADER = "$(TEST_HOST)";
				CODE_SIGN_STYLE = Automatic;
				CURRENT_PROJECT_VERSION = 1;
				GENERATE_INFOPLIST_FILE = YES;
				IPHONEOS_DEPLOYMENT_TARGET = 16.1;
				MARKETING_VERSION = 1.0;
				PRODUCT_BUNDLE_IDENTIFIER = "com.sol.first-projectTests";
				PRODUCT_NAME = "$(TARGET_NAME)";
				SWIFT_EMIT_LOC_STRINGS = NO;
				SWIFT_VERSION = 5.0;
				TARGETED_DEVICE_FAMILY = "1,2";
				TEST_HOST = "$(BUILT_PRODUCTS_DIR)/first_project.app/$(BUNDLE_EXECUTABLE_FOLDER_PATH)/first_project";
			};
			name = Release;
		};
		5BF9C820297AFD4A00A5BF0E /* Debug */ = {
			isa = XCBuildConfiguration;
			buildSettings = {
				ALWAYS_EMBED_SWIFT_STANDARD_LIBRARIES = YES;
				CODE_SIGN_STYLE = Automatic;
				CURRENT_PROJECT_VERSION = 1;
				GENERATE_INFOPLIST_FILE = YES;
				MARKETING_VERSION = 1.0;
				PRODUCT_BUNDLE_IDENTIFIER = "com.sol.first-projectUITests";
				PRODUCT_NAME = "$(TARGET_NAME)";
				SWIFT_EMIT_LOC_STRINGS = NO;
				SWIFT_VERSION = 5.0;
				TARGETED_DEVICE_FAMILY = "1,2";
				TEST_TARGET_NAME = first_project;
			};
			name = Debug;
		};
		5BF9C821297AFD4A00A5BF0E /* Release */ = {
			isa = XCBuildConfiguration;
			buildSettings = {
				ALWAYS_EMBED_SWIFT_STANDARD_LIBRARIES = YES;
				CODE_SIGN_STYLE = Automatic;
				CURRENT_PROJECT_VERSION = 1;
				GENERATE_INFOPLIST_FILE = YES;
				MARKETING_VERSION = 1.0;
				PRODUCT_BUNDLE_IDENTIFIER = "com.sol.first-projectUITests";
				PRODUCT_NAME = "$(TARGET_NAME)";
				SWIFT_EMIT_LOC_STRINGS = NO;
				SWIFT_VERSION = 5.0;
				TARGETED_DEVICE_FAMILY = "1,2";
				TEST_TARGET_NAME = first_project;
			};
			name = Release;
		};
/* End XCBuildConfiguration section */

/* Begin XCConfigurationList section */
		5BF9C7EA297AFD4500A5BF0E /* Build configuration list for PBXProject "first_project" */ = {
			isa = XCConfigurationList;
			buildConfigurations = (
				5BF9C817297AFD4A00A5BF0E /* Debug */,
				5BF9C818297AFD4A00A5BF0E /* Release */,
			);
			defaultConfigurationIsVisible = 0;
			defaultConfigurationName = Release;
		};
		5BF9C819297AFD4A00A5BF0E /* Build configuration list for PBXNativeTarget "first_project" */ = {
			isa = XCConfigurationList;
			buildConfigurations = (
				5BF9C81A297AFD4A00A5BF0E /* Debug */,
				5BF9C81B297AFD4A00A5BF0E /* Release */,
			);
			defaultConfigurationIsVisible = 0;
			defaultConfigurationName = Release;
		};
		5BF9C81C297AFD4A00A5BF0E /* Build configuration list for PBXNativeTarget "first_projectTests" */ = {
			isa = XCConfigurationList;
			buildConfigurations = (
				5BF9C81D297AFD4A00A5BF0E /* Debug */,
				5BF9C81E297AFD4A00A5BF0E /* Release */,
			);
			defaultConfigurationIsVisible = 0;
			defaultConfigurationName = Release;
		};
		5BF9C81F297AFD4A00A5BF0E /* Build configuration list for PBXNativeTarget "first_projectUITests" */ = {
			isa = XCConfigurationList;
			buildConfigurations = (
				5BF9C820297AFD4A00A5BF0E /* Debug */,
				5BF9C821297AFD4A00A5BF0E /* Release */,
			);
			defaultConfigurationIsVisible = 0;
			defaultConfigurationName = Release;
		};
/* End XCConfigurationList section */
	};
	rootObject = 5BF9C7E7297AFD4500A5BF0E /* Project object */;
}
